
Microsoft Visual Studio Solution File, Format Version 12.00
# Visual Studio 2015
Project("{FAE04EC0-301F-11D3-BF4B-00C04F79EFBC}") = "COMP1004-W2017-Assignment05", "COMP1004-W2017-Assignment05.csproj", "{F5C3DD72-F77F-3975-30DA-6D98ABE95054}"
EndProject
Global
	GlobalSection(SolutionConfigurationPlatforms) = preSolution
		Debug|Any CPU = Debug|Any CPU
		Release|Any CPU = Release|Any CPU
	EndGlobalSection
	GlobalSection(ProjectConfigurationPlatforms) = postSolution
		{F5C3DD72-F77F-3975-30DA-6D98ABE95054}.Debug|Any CPU.ActiveCfg = Debug|Any CPU
		{F5C3DD72-F77F-3975-30DA-6D98ABE95054}.Debug|Any CPU.Build.0 = Debug|Any CPU
		{F5C3DD72-F77F-3975-30DA-6D98ABE95054}.Release|Any CPU.ActiveCfg = Release|Any CPU
		{F5C3DD72-F77F-3975-30DA-6D98ABE95054}.Release|Any CPU.Build.0 = Release|Any CPU
	EndGlobalSection
	GlobalSection(SolutionProperties) = preSolution
		HideSolutionNode = FALSE
	EndGlobalSection
EndGlobal
